
Microsoft Visual Studio Solution File, Format Version 12.00
# Visual Studio Version 17
VisualStudioVersion = 17.0.31919.166
MinimumVisualStudioVersion = 10.0.40219.1
Project("{9A19103F-16F7-4668-BE54-9A1E7A4F7556}") = "PhoenixTheatreAPI", "PhoenixTheatreAPI\PhoenixTheatreAPI.csproj", "{DDB500AE-BF3F-4D0B-9B87-9B7ED7794411}"
EndProject
Project("{9A19103F-16F7-4668-BE54-9A1E7A4F7556}") = "PhoenixTheatreApiTests", "PhoenixTheatreApiTests\PhoenixTheatreApiTests.csproj", "{51F13C8C-0E54-4F80-BD8B-7DC6BA857F5F}"
EndProject
Project("{9A19103F-16F7-4668-BE54-9A1E7A4F7556}") = "PhoenixTheatre.DataInfrastructure", "EFDatabase.DataInfrastructure\PhoenixTheatre.DataInfrastructure.csproj", "{C1411DA7-4815-43B2-9A6A-F4AA947297B8}"
EndProject
Global
	GlobalSection(SolutionConfigurationPlatforms) = preSolution
		Debug|Any CPU = Debug|Any CPU
		Release|Any CPU = Release|Any CPU
	EndGlobalSection
	GlobalSection(ProjectConfigurationPlatforms) = postSolution
		{DDB500AE-BF3F-4D0B-9B87-9B7ED7794411}.Debug|Any CPU.ActiveCfg = Debug|Any CPU
		{DDB500AE-BF3F-4D0B-9B87-9B7ED7794411}.Debug|Any CPU.Build.0 = Debug|Any CPU
		{DDB500AE-BF3F-4D0B-9B87-9B7ED7794411}.Release|Any CPU.ActiveCfg = Release|Any CPU
		{DDB500AE-BF3F-4D0B-9B87-9B7ED7794411}.Release|Any CPU.Build.0 = Release|Any CPU
		{51F13C8C-0E54-4F80-BD8B-7DC6BA857F5F}.Debug|Any CPU.ActiveCfg = Debug|Any CPU
		{51F13C8C-0E54-4F80-BD8B-7DC6BA857F5F}.Debug|Any CPU.Build.0 = Debug|Any CPU
		{51F13C8C-0E54-4F80-BD8B-7DC6BA857F5F}.Release|Any CPU.ActiveCfg = Release|Any CPU
		{51F13C8C-0E54-4F80-BD8B-7DC6BA857F5F}.Release|Any CPU.Build.0 = Release|Any CPU
		{C1411DA7-4815-43B2-9A6A-F4AA947297B8}.Debug|Any CPU.ActiveCfg = Debug|Any CPU
		{C1411DA7-4815-43B2-9A6A-F4AA947297B8}.Debug|Any CPU.Build.0 = Debug|Any CPU
		{C1411DA7-4815-43B2-9A6A-F4AA947297B8}.Release|Any CPU.ActiveCfg = Release|Any CPU
		{C1411DA7-4815-43B2-9A6A-F4AA947297B8}.Release|Any CPU.Build.0 = Release|Any CPU
	EndGlobalSection
	GlobalSection(SolutionProperties) = preSolution
		HideSolutionNode = FALSE
	EndGlobalSection
	GlobalSection(ExtensibilityGlobals) = postSolution
		SolutionGuid = {3088DBDB-3046-4F26-AD13-893E02D7B3F4}
	EndGlobalSection
EndGlobal
